
Microsoft Visual Studio Solution File, Format Version 12.00
# Visual Studio Version 16
VisualStudioVersion = 25.0.1703.3
MinimumVisualStudioVersion = 10.0.40219.1
Project("{FAE04EC0-301F-11D3-BF4B-00C04F79EFBC}") = "backend", "backend\backend.csproj", "{C8EF5EDC-C574-48F4-BFE8-EE6F2F3C5ED3}"
EndProject
Global
	GlobalSection(SolutionConfigurationPlatforms) = preSolution
		Debug|Any CPU = Debug|Any CPU
		Release|Any CPU = Release|Any CPU
	EndGlobalSection
	GlobalSection(ProjectConfigurationPlatforms) = postSolution
		{C8EF5EDC-C574-48F4-BFE8-EE6F2F3C5ED3}.Debug|Any CPU.ActiveCfg = Debug|Any CPU
		{C8EF5EDC-C574-48F4-BFE8-EE6F2F3C5ED3}.Debug|Any CPU.Build.0 = Debug|Any CPU
		{C8EF5EDC-C574-48F4-BFE8-EE6F2F3C5ED3}.Release|Any CPU.ActiveCfg = Release|Any CPU
		{C8EF5EDC-C574-48F4-BFE8-EE6F2F3C5ED3}.Release|Any CPU.Build.0 = Release|Any CPU
	EndGlobalSection
	GlobalSection(SolutionProperties) = preSolution
		HideSolutionNode = FALSE
	EndGlobalSection
	GlobalSection(ExtensibilityGlobals) = postSolution
		SolutionGuid = {A95FEE0B-C217-4098-85B6-5ED0AFF483AA}
	EndGlobalSection
EndGlobal
